
Microsoft Visual Studio Solution File, Format Version 12.00
# Visual Studio 2012
Project("{888888A0-9F3D-457C-B088-3A5042F75D52}") = "autoreduce", "autoreduce.pyproj", "{7CFC53D5-213D-4FF3-9608-C28CB22757BB}"
EndProject
Global
	GlobalSection(SolutionConfigurationPlatforms) = preSolution
		Debug|Any CPU = Debug|Any CPU
		Release|Any CPU = Release|Any CPU
	EndGlobalSection
	GlobalSection(ProjectConfigurationPlatforms) = postSolution
		{7CFC53D5-213D-4FF3-9608-C28CB22757BB}.Debug|Any CPU.ActiveCfg = Debug|Any CPU
		{7CFC53D5-213D-4FF3-9608-C28CB22757BB}.Debug|Any CPU.Build.0 = Debug|Any CPU
		{7CFC53D5-213D-4FF3-9608-C28CB22757BB}.Release|Any CPU.ActiveCfg = Release|Any CPU
		{7CFC53D5-213D-4FF3-9608-C28CB22757BB}.Release|Any CPU.Build.0 = Release|Any CPU
	EndGlobalSection
	GlobalSection(SolutionProperties) = preSolution
		HideSolutionNode = FALSE
	EndGlobalSection
EndGlobal
