
Microsoft Visual Studio Solution File, Format Version 12.00
# Visual Studio 2012
Project("{888888A0-9F3D-457C-B088-3A5042F75D52}") = "InvertParSign", "InvertParSign.pyproj", "{925FDFD8-9BD5-4B45-8463-F6D800B310F5}"
EndProject
Global
	GlobalSection(SolutionConfigurationPlatforms) = preSolution
		Debug|Any CPU = Debug|Any CPU
		Release|Any CPU = Release|Any CPU
	EndGlobalSection
	GlobalSection(ProjectConfigurationPlatforms) = postSolution
		{925FDFD8-9BD5-4B45-8463-F6D800B310F5}.Debug|Any CPU.ActiveCfg = Debug|Any CPU
		{925FDFD8-9BD5-4B45-8463-F6D800B310F5}.Release|Any CPU.ActiveCfg = Release|Any CPU
	EndGlobalSection
	GlobalSection(SolutionProperties) = preSolution
		HideSolutionNode = FALSE
	EndGlobalSection
EndGlobal
