
Microsoft Visual Studio Solution File, Format Version 12.00
# Visual Studio 2012
Project("{888888A0-9F3D-457C-B088-3A5042F75D52}") = "test_doctest", "test_doctest\test_doctest.pyproj", "{00C4F7EA-6234-4577-947E-97DE77D8B324}"
EndProject
Global
	GlobalSection(SolutionConfigurationPlatforms) = preSolution
		Debug|Any CPU = Debug|Any CPU
		Release|Any CPU = Release|Any CPU
	EndGlobalSection
	GlobalSection(ProjectConfigurationPlatforms) = postSolution
		{00C4F7EA-6234-4577-947E-97DE77D8B324}.Debug|Any CPU.ActiveCfg = Debug|Any CPU
		{00C4F7EA-6234-4577-947E-97DE77D8B324}.Release|Any CPU.ActiveCfg = Release|Any CPU
	EndGlobalSection
	GlobalSection(SolutionProperties) = preSolution
		HideSolutionNode = FALSE
	EndGlobalSection
EndGlobal
