
Microsoft Visual Studio Solution File, Format Version 12.00
# Visual Studio 2012
Project("{888888A0-9F3D-457C-B088-3A5042F75D52}") = "SystemTests", "SystemTests.pyproj", "{92BC55BB-CAC3-47AD-B3A5-7172A47EF2EC}"
EndProject
Global
	GlobalSection(SolutionConfigurationPlatforms) = preSolution
		Debug|Any CPU = Debug|Any CPU
		Release|Any CPU = Release|Any CPU
	EndGlobalSection
	GlobalSection(ProjectConfigurationPlatforms) = postSolution
		{92BC55BB-CAC3-47AD-B3A5-7172A47EF2EC}.Debug|Any CPU.ActiveCfg = Debug|Any CPU
		{92BC55BB-CAC3-47AD-B3A5-7172A47EF2EC}.Release|Any CPU.ActiveCfg = Release|Any CPU
	EndGlobalSection
	GlobalSection(SolutionProperties) = preSolution
		HideSolutionNode = FALSE
	EndGlobalSection
EndGlobal
