
Microsoft Visual Studio Solution File, Format Version 12.00
# Visual Studio 2012
Project("{888888A0-9F3D-457C-B088-3A5042F75D52}") = "branching", "branching.pyproj", "{41C0C461-399A-4A97-854D-486657956588}"
EndProject
Global
	GlobalSection(SolutionConfigurationPlatforms) = preSolution
		Debug|Any CPU = Debug|Any CPU
		Release|Any CPU = Release|Any CPU
	EndGlobalSection
	GlobalSection(ProjectConfigurationPlatforms) = postSolution
		{41C0C461-399A-4A97-854D-486657956588}.Debug|Any CPU.ActiveCfg = Debug|Any CPU
		{41C0C461-399A-4A97-854D-486657956588}.Debug|Any CPU.Build.0 = Debug|Any CPU
		{41C0C461-399A-4A97-854D-486657956588}.Release|Any CPU.ActiveCfg = Release|Any CPU
		{41C0C461-399A-4A97-854D-486657956588}.Release|Any CPU.Build.0 = Release|Any CPU
	EndGlobalSection
	GlobalSection(SolutionProperties) = preSolution
		HideSolutionNode = FALSE
	EndGlobalSection
EndGlobal
